
Microsoft Visual Studio Solution File, Format Version 12.00
# Visual Studio 15
VisualStudioVersion = 15.0.27703.2035
MinimumVisualStudioVersion = 10.0.40219.1
Project("{FAE04EC0-301F-11D3-BF4B-00C04F79EFBC}") = "TEST", "TEST\TEST.csproj", "{8861228F-46D2-41DD-8BB3-D758FA854C03}"
EndProject
Global
	GlobalSection(SolutionConfigurationPlatforms) = preSolution
		Debug|Any CPU = Debug|Any CPU
		Release|Any CPU = Release|Any CPU
	EndGlobalSection
	GlobalSection(ProjectConfigurationPlatforms) = postSolution
		{8861228F-46D2-41DD-8BB3-D758FA854C03}.Debug|Any CPU.ActiveCfg = Debug|Any CPU
		{8861228F-46D2-41DD-8BB3-D758FA854C03}.Debug|Any CPU.Build.0 = Debug|Any CPU
		{8861228F-46D2-41DD-8BB3-D758FA854C03}.Release|Any CPU.ActiveCfg = Release|Any CPU
		{8861228F-46D2-41DD-8BB3-D758FA854C03}.Release|Any CPU.Build.0 = Release|Any CPU
	EndGlobalSection
	GlobalSection(SolutionProperties) = preSolution
		HideSolutionNode = FALSE
	EndGlobalSection
	GlobalSection(ExtensibilityGlobals) = postSolution
		SolutionGuid = {962FEE6E-1F9C-45A5-8A52-91DAC72156A2}
	EndGlobalSection
EndGlobal
